# THIS IS AN AUTOGENERATED FILE. DO NOT EDIT THIS FILE DIRECTLY.
# yarn lockfile v1


aws-kitchensink-s3@^1.0.0:
  version "1.0.0"
  resolved "https://registry.yarnpkg.com/aws-kitchensink-s3/-/aws-kitchensink-s3-1.0.0.tgz#e4050c93164db66389394a776deb59c1df9f3dbd"
  integrity sha512-+8GiKxR2j+2zw/842WECTLNZxbudPMNZPNVy1kzs5q1cNpN4W2iPrfugSIKS3HYZHx6P3J7kEbIdItrVY+czdg==
